// !$*UTF8*$!
{
	archiveVersion = 1;
	classes = {
	};
	objectVersion = 51;
	objects = {

/* Begin PBXBuildFile section */
		1784AAD507ED53AFE94B868F /* Pods_SportApplicationTests.framework in Frameworks */ = {isa = PBXBuildFile; fileRef = 9FB608E3081F4C49F3075810 /* Pods_SportApplicationTests.framework */; };
		189B553A3E0C955C9A7A3C1F /* Pods_SportApplication_SportApplicationUITests.framework in Frameworks */ = {isa = PBXBuildFile; fileRef = D98BE83FAF5E654AC2D3110D /* Pods_SportApplication_SportApplicationUITests.framework */; };
		25DFB86C282BEC5D00BE87A6 /* AppDelegate.swift in Sources */ = {isa = PBXBuildFile; fileRef = 25DFB86B282BEC5D00BE87A6 /* AppDelegate.swift */; };
		25DFB86E282BEC5D00BE87A6 /* SceneDelegate.swift in Sources */ = {isa = PBXBuildFile; fileRef = 25DFB86D282BEC5D00BE87A6 /* SceneDelegate.swift */; };
		25DFB870282BEC5D00BE87A6 /* ViewController.swift in Sources */ = {isa = PBXBuildFile; fileRef = 25DFB86F282BEC5D00BE87A6 /* ViewController.swift */; };
		25DFB873282BEC5D00BE87A6 /* Main.storyboard in Resources */ = {isa = PBXBuildFile; fileRef = 25DFB871282BEC5D00BE87A6 /* Main.storyboard */; };
		25DFB876282BEC5D00BE87A6 /* SportApplication.xcdatamodeld in Sources */ = {isa = PBXBuildFile; fileRef = 25DFB874282BEC5D00BE87A6 /* SportApplication.xcdatamodeld */; };
		25DFB878282BEC6C00BE87A6 /* Assets.xcassets in Resources */ = {isa = PBXBuildFile; fileRef = 25DFB877282BEC6C00BE87A6 /* Assets.xcassets */; };
		25DFB87B282BEC6C00BE87A6 /* LaunchScreen.storyboard in Resources */ = {isa = PBXBuildFile; fileRef = 25DFB879282BEC6C00BE87A6 /* LaunchScreen.storyboard */; };
		25DFB886282BEC6C00BE87A6 /* SportApplicationTests.swift in Sources */ = {isa = PBXBuildFile; fileRef = 25DFB885282BEC6C00BE87A6 /* SportApplicationTests.swift */; };
		25DFB891282BEC6D00BE87A6 /* SportApplicationUITests.swift in Sources */ = {isa = PBXBuildFile; fileRef = 25DFB890282BEC6D00BE87A6 /* SportApplicationUITests.swift */; };
		25F03E42282DB71F00EED044 /* LeaguesNetworkManager.swift in Sources */ = {isa = PBXBuildFile; fileRef = 25F03E41282DB71F00EED044 /* LeaguesNetworkManager.swift */; };
		25F03E45282DB76600EED044 /* LeaguesModel.swift in Sources */ = {isa = PBXBuildFile; fileRef = 25F03E44282DB76600EED044 /* LeaguesModel.swift */; };
		25FF829C282E76D3006EEDEA /* LeaguesResult.swift in Sources */ = {isa = PBXBuildFile; fileRef = 25FF829B282E76D3006EEDEA /* LeaguesResult.swift */; };
		25FF82A0282EA38A006EEDEA /* LeaguesTableViewCell.swift in Sources */ = {isa = PBXBuildFile; fileRef = 25FF829E282EA38A006EEDEA /* LeaguesTableViewCell.swift */; };
		25FF82A1282EA38A006EEDEA /* LeaguesTableViewCell.xib in Resources */ = {isa = PBXBuildFile; fileRef = 25FF829F282EA38A006EEDEA /* LeaguesTableViewCell.xib */; };
		25FF82A4282EB883006EEDEA /* youtube.png in Resources */ = {isa = PBXBuildFile; fileRef = 25FF82A3282EB883006EEDEA /* youtube.png */; };
		25FF82A6282EB8DA006EEDEA /* LeaguesPresenter.swift in Sources */ = {isa = PBXBuildFile; fileRef = 25FF82A5282EB8DA006EEDEA /* LeaguesPresenter.swift */; };
		25FF82A8282EBAA4006EEDEA /* LeaguesViewController.swift in Sources */ = {isa = PBXBuildFile; fileRef = 25FF82A7282EBAA4006EEDEA /* LeaguesViewController.swift */; };
		764D04D4F5B54F71E6E13722 /* Pods_SportApplication.framework in Frameworks */ = {isa = PBXBuildFile; fileRef = A4E0FD677CAD1FFDECC3C8C8 /* Pods_SportApplication.framework */; };
		BCEA225A282D8E70007DC3DB /* HomeViewController.swift in Sources */ = {isa = PBXBuildFile; fileRef = BCEA2259282D8E70007DC3DB /* HomeViewController.swift */; };
		BCEA225D282D8EEB007DC3DB /* HomeCollectionViewCell.swift in Sources */ = {isa = PBXBuildFile; fileRef = BCEA225B282D8EEB007DC3DB /* HomeCollectionViewCell.swift */; };
		BCEA225E282D8EEB007DC3DB /* HomeCollectionViewCell.xib in Resources */ = {isa = PBXBuildFile; fileRef = BCEA225C282D8EEB007DC3DB /* HomeCollectionViewCell.xib */; };
/* End PBXBuildFile section */

/* Begin PBXContainerItemProxy section */
		25DFB882282BEC6C00BE87A6 /* PBXContainerItemProxy */ = {
			isa = PBXContainerItemProxy;
			containerPortal = 25DFB860282BEC5D00BE87A6 /* Project object */;
			proxyType = 1;
			remoteGlobalIDString = 25DFB867282BEC5D00BE87A6;
			remoteInfo = SportApplication;
		};
		25DFB88D282BEC6D00BE87A6 /* PBXContainerItemProxy */ = {
			isa = PBXContainerItemProxy;
			containerPortal = 25DFB860282BEC5D00BE87A6 /* Project object */;
			proxyType = 1;
			remoteGlobalIDString = 25DFB867282BEC5D00BE87A6;
			remoteInfo = SportApplication;
		};
/* End PBXContainerItemProxy section */

/* Begin PBXFileReference section */
		25DFB868282BEC5D00BE87A6 /* SportApplication.app */ = {isa = PBXFileReference; explicitFileType = wrapper.application; includeInIndex = 0; path = SportApplication.app; sourceTree = BUILT_PRODUCTS_DIR; };
		25DFB86B282BEC5D00BE87A6 /* AppDelegate.swift */ = {isa = PBXFileReference; lastKnownFileType = sourcecode.swift; path = AppDelegate.swift; sourceTree = "<group>"; };
		25DFB86D282BEC5D00BE87A6 /* SceneDelegate.swift */ = {isa = PBXFileReference; lastKnownFileType = sourcecode.swift; path = SceneDelegate.swift; sourceTree = "<group>"; };
		25DFB86F282BEC5D00BE87A6 /* ViewController.swift */ = {isa = PBXFileReference; lastKnownFileType = sourcecode.swift; path = ViewController.swift; sourceTree = "<group>"; };
		25DFB872282BEC5D00BE87A6 /* Base */ = {isa = PBXFileReference; lastKnownFileType = file.storyboard; name = Base; path = Base.lproj/Main.storyboard; sourceTree = "<group>"; };
		25DFB875282BEC5D00BE87A6 /* SportApplication.xcdatamodel */ = {isa = PBXFileReference; lastKnownFileType = wrapper.xcdatamodel; path = SportApplication.xcdatamodel; sourceTree = "<group>"; };
		25DFB877282BEC6C00BE87A6 /* Assets.xcassets */ = {isa = PBXFileReference; lastKnownFileType = folder.assetcatalog; path = Assets.xcassets; sourceTree = "<group>"; };
		25DFB87A282BEC6C00BE87A6 /* Base */ = {isa = PBXFileReference; lastKnownFileType = file.storyboard; name = Base; path = Base.lproj/LaunchScreen.storyboard; sourceTree = "<group>"; };
		25DFB87C282BEC6C00BE87A6 /* Info.plist */ = {isa = PBXFileReference; lastKnownFileType = text.plist.xml; path = Info.plist; sourceTree = "<group>"; };
		25DFB881282BEC6C00BE87A6 /* SportApplicationTests.xctest */ = {isa = PBXFileReference; explicitFileType = wrapper.cfbundle; includeInIndex = 0; path = SportApplicationTests.xctest; sourceTree = BUILT_PRODUCTS_DIR; };
		25DFB885282BEC6C00BE87A6 /* SportApplicationTests.swift */ = {isa = PBXFileReference; lastKnownFileType = sourcecode.swift; path = SportApplicationTests.swift; sourceTree = "<group>"; };
		25DFB887282BEC6C00BE87A6 /* Info.plist */ = {isa = PBXFileReference; lastKnownFileType = text.plist.xml; path = Info.plist; sourceTree = "<group>"; };
		25DFB88C282BEC6D00BE87A6 /* SportApplicationUITests.xctest */ = {isa = PBXFileReference; explicitFileType = wrapper.cfbundle; includeInIndex = 0; path = SportApplicationUITests.xctest; sourceTree = BUILT_PRODUCTS_DIR; };
		25DFB890282BEC6D00BE87A6 /* SportApplicationUITests.swift */ = {isa = PBXFileReference; lastKnownFileType = sourcecode.swift; path = SportApplicationUITests.swift; sourceTree = "<group>"; };
		25DFB892282BEC6D00BE87A6 /* Info.plist */ = {isa = PBXFileReference; lastKnownFileType = text.plist.xml; path = Info.plist; sourceTree = "<group>"; };
		25F03E41282DB71F00EED044 /* LeaguesNetworkManager.swift */ = {isa = PBXFileReference; lastKnownFileType = sourcecode.swift; path = LeaguesNetworkManager.swift; sourceTree = "<group>"; };
		25F03E44282DB76600EED044 /* LeaguesModel.swift */ = {isa = PBXFileReference; lastKnownFileType = sourcecode.swift; path = LeaguesModel.swift; sourceTree = "<group>"; };
		25FF829B282E76D3006EEDEA /* LeaguesResult.swift */ = {isa = PBXFileReference; lastKnownFileType = sourcecode.swift; path = LeaguesResult.swift; sourceTree = "<group>"; };
		25FF829E282EA38A006EEDEA /* LeaguesTableViewCell.swift */ = {isa = PBXFileReference; lastKnownFileType = sourcecode.swift; path = LeaguesTableViewCell.swift; sourceTree = "<group>"; };
		25FF829F282EA38A006EEDEA /* LeaguesTableViewCell.xib */ = {isa = PBXFileReference; lastKnownFileType = file.xib; path = LeaguesTableViewCell.xib; sourceTree = "<group>"; };
		25FF82A3282EB883006EEDEA /* youtube.png */ = {isa = PBXFileReference; lastKnownFileType = image.png; path = youtube.png; sourceTree = "<group>"; };
		25FF82A5282EB8DA006EEDEA /* LeaguesPresenter.swift */ = {isa = PBXFileReference; lastKnownFileType = sourcecode.swift; path = LeaguesPresenter.swift; sourceTree = "<group>"; };
		25FF82A7282EBAA4006EEDEA /* LeaguesViewController.swift */ = {isa = PBXFileReference; lastKnownFileType = sourcecode.swift; path = LeaguesViewController.swift; sourceTree = "<group>"; };
		4C219D53343398BC03153E96 /* Pods-SportApplicationTests.release.xcconfig */ = {isa = PBXFileReference; includeInIndex = 1; lastKnownFileType = text.xcconfig; name = "Pods-SportApplicationTests.release.xcconfig"; path = "Target Support Files/Pods-SportApplicationTests/Pods-SportApplicationTests.release.xcconfig"; sourceTree = "<group>"; };
		51B7A01FCF384659BAF8D3D5 /* Pods-SportApplicationTests.debug.xcconfig */ = {isa = PBXFileReference; includeInIndex = 1; lastKnownFileType = text.xcconfig; name = "Pods-SportApplicationTests.debug.xcconfig"; path = "Target Support Files/Pods-SportApplicationTests/Pods-SportApplicationTests.debug.xcconfig"; sourceTree = "<group>"; };
		5AB19758AFC957D7248BDB59 /* Pods-SportApplication-SportApplicationUITests.debug.xcconfig */ = {isa = PBXFileReference; includeInIndex = 1; lastKnownFileType = text.xcconfig; name = "Pods-SportApplication-SportApplicationUITests.debug.xcconfig"; path = "Target Support Files/Pods-SportApplication-SportApplicationUITests/Pods-SportApplication-SportApplicationUITests.debug.xcconfig"; sourceTree = "<group>"; };
		63D37F7AF26CCD1368364B3F /* Pods-SportApplication.debug.xcconfig */ = {isa = PBXFileReference; includeInIndex = 1; lastKnownFileType = text.xcconfig; name = "Pods-SportApplication.debug.xcconfig"; path = "Target Support Files/Pods-SportApplication/Pods-SportApplication.debug.xcconfig"; sourceTree = "<group>"; };
		90DC6E42C075830E54D923AE /* Pods-SportApplication-SportApplicationUITests.release.xcconfig */ = {isa = PBXFileReference; includeInIndex = 1; lastKnownFileType = text.xcconfig; name = "Pods-SportApplication-SportApplicationUITests.release.xcconfig"; path = "Target Support Files/Pods-SportApplication-SportApplicationUITests/Pods-SportApplication-SportApplicationUITests.release.xcconfig"; sourceTree = "<group>"; };
		9FB608E3081F4C49F3075810 /* Pods_SportApplicationTests.framework */ = {isa = PBXFileReference; explicitFileType = wrapper.framework; includeInIndex = 0; path = Pods_SportApplicationTests.framework; sourceTree = BUILT_PRODUCTS_DIR; };
		A4E0FD677CAD1FFDECC3C8C8 /* Pods_SportApplication.framework */ = {isa = PBXFileReference; explicitFileType = wrapper.framework; includeInIndex = 0; path = Pods_SportApplication.framework; sourceTree = BUILT_PRODUCTS_DIR; };
		BCEA2259282D8E70007DC3DB /* HomeViewController.swift */ = {isa = PBXFileReference; lastKnownFileType = sourcecode.swift; path = HomeViewController.swift; sourceTree = "<group>"; };
		BCEA225B282D8EEB007DC3DB /* HomeCollectionViewCell.swift */ = {isa = PBXFileReference; lastKnownFileType = sourcecode.swift; path = HomeCollectionViewCell.swift; sourceTree = "<group>"; };
		BCEA225C282D8EEB007DC3DB /* HomeCollectionViewCell.xib */ = {isa = PBXFileReference; lastKnownFileType = file.xib; path = HomeCollectionViewCell.xib; sourceTree = "<group>"; };
		D33DD23AEB3BDDC4A13A2BBF /* Pods-SportApplication.release.xcconfig */ = {isa = PBXFileReference; includeInIndex = 1; lastKnownFileType = text.xcconfig; name = "Pods-SportApplication.release.xcconfig"; path = "Target Support Files/Pods-SportApplication/Pods-SportApplication.release.xcconfig"; sourceTree = "<group>"; };
		D98BE83FAF5E654AC2D3110D /* Pods_SportApplication_SportApplicationUITests.framework */ = {isa = PBXFileReference; explicitFileType = wrapper.framework; includeInIndex = 0; path = Pods_SportApplication_SportApplicationUITests.framework; sourceTree = BUILT_PRODUCTS_DIR; };
/* End PBXFileReference section */

/* Begin PBXFrameworksBuildPhase section */
		25DFB865282BEC5D00BE87A6 /* Frameworks */ = {
			isa = PBXFrameworksBuildPhase;
			buildActionMask = 2147483647;
			files = (
				764D04D4F5B54F71E6E13722 /* Pods_SportApplication.framework in Frameworks */,
			);
			runOnlyForDeploymentPostprocessing = 0;
		};
		25DFB87E282BEC6C00BE87A6 /* Frameworks */ = {
			isa = PBXFrameworksBuildPhase;
			buildActionMask = 2147483647;
			files = (
				1784AAD507ED53AFE94B868F /* Pods_SportApplicationTests.framework in Frameworks */,
			);
			runOnlyForDeploymentPostprocessing = 0;
		};
		25DFB889282BEC6D00BE87A6 /* Frameworks */ = {
			isa = PBXFrameworksBuildPhase;
			buildActionMask = 2147483647;
			files = (
				189B553A3E0C955C9A7A3C1F /* Pods_SportApplication_SportApplicationUITests.framework in Frameworks */,
			);
			runOnlyForDeploymentPostprocessing = 0;
		};
/* End PBXFrameworksBuildPhase section */

/* Begin PBXGroup section */
		25CCBCBD282C642B0056F06E /* Modules */ = {
			isa = PBXGroup;
			children = (
				25CCBCC1282C64A90056F06E /* LeaguesScreen */,
				25CCBCC0282C648E0056F06E /* HomeScreen */,
			);
			path = Modules;
			sourceTree = "<group>";
		};
		25CCBCBF282C646D0056F06E /* Views */ = {
			isa = PBXGroup;
			children = (
			);
			path = Views;
			sourceTree = "<group>";
		};
		25CCBCC0282C648E0056F06E /* HomeScreen */ = {
			isa = PBXGroup;
			children = (
				25CCBCC7282C68BF0056F06E /* views */,
			);
			path = HomeScreen;
			sourceTree = "<group>";
		};
		25CCBCC1282C64A90056F06E /* LeaguesScreen */ = {
			isa = PBXGroup;
			children = (
				25F03E3F282DB6EE00EED044 /* Presenter */,
				25CCBCC6282C68AD0056F06E /* views */,
			);
			path = LeaguesScreen;
			sourceTree = "<group>";
		};
		25CCBCC6282C68AD0056F06E /* views */ = {
			isa = PBXGroup;
			children = (
				25FF829E282EA38A006EEDEA /* LeaguesTableViewCell.swift */,
				25FF829F282EA38A006EEDEA /* LeaguesTableViewCell.xib */,
				25FF82A7282EBAA4006EEDEA /* LeaguesViewController.swift */,
			);
			path = views;
			sourceTree = "<group>";
		};
		25CCBCC7282C68BF0056F06E /* views */ = {
			isa = PBXGroup;
			children = (
				BCEA2259282D8E70007DC3DB /* HomeViewController.swift */,
				BCEA225B282D8EEB007DC3DB /* HomeCollectionViewCell.swift */,
				BCEA225C282D8EEB007DC3DB /* HomeCollectionViewCell.xib */,
			);
			path = views;
			sourceTree = "<group>";
		};
		25DFB85F282BEC5D00BE87A6 = {
			isa = PBXGroup;
			children = (
				25DFB86A282BEC5D00BE87A6 /* SportApplication */,
				25DFB884282BEC6C00BE87A6 /* SportApplicationTests */,
				25DFB88F282BEC6D00BE87A6 /* SportApplicationUITests */,
				25DFB869282BEC5D00BE87A6 /* Products */,
				6CAEECA59C7EA1F2A063946C /* Pods */,
				8F3EFAA611F319737E889CB7 /* Frameworks */,
			);
			sourceTree = "<group>";
		};
		25DFB869282BEC5D00BE87A6 /* Products */ = {
			isa = PBXGroup;
			children = (
				25DFB868282BEC5D00BE87A6 /* SportApplication.app */,
				25DFB881282BEC6C00BE87A6 /* SportApplicationTests.xctest */,
				25DFB88C282BEC6D00BE87A6 /* SportApplicationUITests.xctest */,
			);
			name = Products;
			sourceTree = "<group>";
		};
		25DFB86A282BEC5D00BE87A6 /* SportApplication */ = {
			isa = PBXGroup;
			children = (
				25FF82A2282EB82A006EEDEA /* Assets */,
				25F03E43282DB74500EED044 /* Models */,
				25CCBCBF282C646D0056F06E /* Views */,
				25CCBCBD282C642B0056F06E /* Modules */,
				25DFB86B282BEC5D00BE87A6 /* AppDelegate.swift */,
				25DFB86D282BEC5D00BE87A6 /* SceneDelegate.swift */,
				25DFB86F282BEC5D00BE87A6 /* ViewController.swift */,
				25DFB871282BEC5D00BE87A6 /* Main.storyboard */,
				25DFB877282BEC6C00BE87A6 /* Assets.xcassets */,
				25DFB879282BEC6C00BE87A6 /* LaunchScreen.storyboard */,
				25DFB87C282BEC6C00BE87A6 /* Info.plist */,
				25DFB874282BEC5D00BE87A6 /* SportApplication.xcdatamodeld */,
			);
			path = SportApplication;
			sourceTree = "<group>";
		};
		25DFB884282BEC6C00BE87A6 /* SportApplicationTests */ = {
			isa = PBXGroup;
			children = (
				25DFB885282BEC6C00BE87A6 /* SportApplicationTests.swift */,
				25DFB887282BEC6C00BE87A6 /* Info.plist */,
			);
			path = SportApplicationTests;
			sourceTree = "<group>";
		};
		25DFB88F282BEC6D00BE87A6 /* SportApplicationUITests */ = {
			isa = PBXGroup;
			children = (
				25DFB890282BEC6D00BE87A6 /* SportApplicationUITests.swift */,
				25DFB892282BEC6D00BE87A6 /* Info.plist */,
			);
			path = SportApplicationUITests;
			sourceTree = "<group>";
		};
		25F03E3F282DB6EE00EED044 /* Presenter */ = {
			isa = PBXGroup;
			children = (
				25FF82A5282EB8DA006EEDEA /* LeaguesPresenter.swift */,
			);
			path = Presenter;
			sourceTree = "<group>";
		};
		25F03E43282DB74500EED044 /* Models */ = {
			isa = PBXGroup;
			children = (
				25FF829D282E84B6006EEDEA /* Services */,
				25F03E44282DB76600EED044 /* LeaguesModel.swift */,
				25FF829B282E76D3006EEDEA /* LeaguesResult.swift */,
			);
			path = Models;
			sourceTree = "<group>";
		};
		25FF829D282E84B6006EEDEA /* Services */ = {
			isa = PBXGroup;
			children = (
				25F03E41282DB71F00EED044 /* LeaguesNetworkManager.swift */,
			);
			path = Services;
			sourceTree = "<group>";
		};
		25FF82A2282EB82A006EEDEA /* Assets */ = {
			isa = PBXGroup;
			children = (
				25FF82A3282EB883006EEDEA /* youtube.png */,
			);
			path = Assets;
			sourceTree = "<group>";
		};
		6CAEECA59C7EA1F2A063946C /* Pods */ = {
			isa = PBXGroup;
			children = (
				63D37F7AF26CCD1368364B3F /* Pods-SportApplication.debug.xcconfig */,
				D33DD23AEB3BDDC4A13A2BBF /* Pods-SportApplication.release.xcconfig */,
				5AB19758AFC957D7248BDB59 /* Pods-SportApplication-SportApplicationUITests.debug.xcconfig */,
				90DC6E42C075830E54D923AE /* Pods-SportApplication-SportApplicationUITests.release.xcconfig */,
				51B7A01FCF384659BAF8D3D5 /* Pods-SportApplicationTests.debug.xcconfig */,
				4C219D53343398BC03153E96 /* Pods-SportApplicationTests.release.xcconfig */,
			);
			path = Pods;
			sourceTree = "<group>";
		};
		8F3EFAA611F319737E889CB7 /* Frameworks */ = {
			isa = PBXGroup;
			children = (
				A4E0FD677CAD1FFDECC3C8C8 /* Pods_SportApplication.framework */,
				D98BE83FAF5E654AC2D3110D /* Pods_SportApplication_SportApplicationUITests.framework */,
				9FB608E3081F4C49F3075810 /* Pods_SportApplicationTests.framework */,
			);
			name = Frameworks;
			sourceTree = "<group>";
		};
/* End PBXGroup section */

/* Begin PBXNativeTarget section */
		25DFB867282BEC5D00BE87A6 /* SportApplication */ = {
			isa = PBXNativeTarget;
			buildConfigurationList = 25DFB895282BEC6D00BE87A6 /* Build configuration list for PBXNativeTarget "SportApplication" */;
			buildPhases = (
				26F1E0D65913CE7A114FAD49 /* [CP] Check Pods Manifest.lock */,
				25DFB864282BEC5D00BE87A6 /* Sources */,
				25DFB865282BEC5D00BE87A6 /* Frameworks */,
				25DFB866282BEC5D00BE87A6 /* Resources */,
				D5A93374058788BC66518386 /* [CP] Embed Pods Frameworks */,
			);
			buildRules = (
			);
			dependencies = (
			);
			name = SportApplication;
			productName = SportApplication;
			productReference = 25DFB868282BEC5D00BE87A6 /* SportApplication.app */;
			productType = "com.apple.product-type.application";
		};
		25DFB880282BEC6C00BE87A6 /* SportApplicationTests */ = {
			isa = PBXNativeTarget;
			buildConfigurationList = 25DFB898282BEC6D00BE87A6 /* Build configuration list for PBXNativeTarget "SportApplicationTests" */;
			buildPhases = (
				F090E4869A6515B44AEA2661 /* [CP] Check Pods Manifest.lock */,
				25DFB87D282BEC6C00BE87A6 /* Sources */,
				25DFB87E282BEC6C00BE87A6 /* Frameworks */,
				25DFB87F282BEC6C00BE87A6 /* Resources */,
			);
			buildRules = (
			);
			dependencies = (
				25DFB883282BEC6C00BE87A6 /* PBXTargetDependency */,
			);
			name = SportApplicationTests;
			productName = SportApplicationTests;
			productReference = 25DFB881282BEC6C00BE87A6 /* SportApplicationTests.xctest */;
			productType = "com.apple.product-type.bundle.unit-test";
		};
		25DFB88B282BEC6D00BE87A6 /* SportApplicationUITests */ = {
			isa = PBXNativeTarget;
			buildConfigurationList = 25DFB89B282BEC6D00BE87A6 /* Build configuration list for PBXNativeTarget "SportApplicationUITests" */;
			buildPhases = (
				2A2E7DDCBDC238150A89153F /* [CP] Check Pods Manifest.lock */,
				25DFB888282BEC6D00BE87A6 /* Sources */,
				25DFB889282BEC6D00BE87A6 /* Frameworks */,
				25DFB88A282BEC6D00BE87A6 /* Resources */,
				3A53CA134C44E90EEBADA275 /* [CP] Embed Pods Frameworks */,
			);
			buildRules = (
			);
			dependencies = (
				25DFB88E282BEC6D00BE87A6 /* PBXTargetDependency */,
			);
			name = SportApplicationUITests;
			productName = SportApplicationUITests;
			productReference = 25DFB88C282BEC6D00BE87A6 /* SportApplicationUITests.xctest */;
			productType = "com.apple.product-type.bundle.ui-testing";
		};
/* End PBXNativeTarget section */

/* Begin PBXProject section */
		25DFB860282BEC5D00BE87A6 /* Project object */ = {
			isa = PBXProject;
			attributes = {
				LastSwiftUpdateCheck = 1130;
				LastUpgradeCheck = 1130;
				ORGANIZATIONNAME = "Rana&Abdelrhman";
				TargetAttributes = {
					25DFB867282BEC5D00BE87A6 = {
						CreatedOnToolsVersion = 11.3;
					};
					25DFB880282BEC6C00BE87A6 = {
						CreatedOnToolsVersion = 11.3;
						TestTargetID = 25DFB867282BEC5D00BE87A6;
					};
					25DFB88B282BEC6D00BE87A6 = {
						CreatedOnToolsVersion = 11.3;
						TestTargetID = 25DFB867282BEC5D00BE87A6;
					};
				};
			};
			buildConfigurationList = 25DFB863282BEC5D00BE87A6 /* Build configuration list for PBXProject "SportApplication" */;
			compatibilityVersion = "Xcode 9.3";
			developmentRegion = en;
			hasScannedForEncodings = 0;
			knownRegions = (
				en,
				Base,
			);
			mainGroup = 25DFB85F282BEC5D00BE87A6;
			productRefGroup = 25DFB869282BEC5D00BE87A6 /* Products */;
			projectDirPath = "";
			projectRoot = "";
			targets = (
				25DFB867282BEC5D00BE87A6 /* SportApplication */,
				25DFB880282BEC6C00BE87A6 /* SportApplicationTests */,
				25DFB88B282BEC6D00BE87A6 /* SportApplicationUITests */,
			);
		};
/* End PBXProject section */

/* Begin PBXResourcesBuildPhase section */
		25DFB866282BEC5D00BE87A6 /* Resources */ = {
			isa = PBXResourcesBuildPhase;
			buildActionMask = 2147483647;
			files = (
				25FF82A4282EB883006EEDEA /* youtube.png in Resources */,
				25DFB87B282BEC6C00BE87A6 /* LaunchScreen.storyboard in Resources */,
				25DFB878282BEC6C00BE87A6 /* Assets.xcassets in Resources */,
				25FF82A1282EA38A006EEDEA /* LeaguesTableViewCell.xib in Resources */,
				25DFB873282BEC5D00BE87A6 /* Main.storyboard in Resources */,
				BCEA225E282D8EEB007DC3DB /* HomeCollectionViewCell.xib in Resources */,
			);
			runOnlyForDeploymentPostprocessing = 0;
		};
		25DFB87F282BEC6C00BE87A6 /* Resources */ = {
			isa = PBXResourcesBuildPhase;
			buildActionMask = 2147483647;
			files = (
			);
			runOnlyForDeploymentPostprocessing = 0;
		};
		25DFB88A282BEC6D00BE87A6 /* Resources */ = {
			isa = PBXResourcesBuildPhase;
			buildActionMask = 2147483647;
			files = (
			);
			runOnlyForDeploymentPostprocessing = 0;
		};
/* End PBXResourcesBuildPhase section */

/* Begin PBXShellScriptBuildPhase section */
		26F1E0D65913CE7A114FAD49 /* [CP] Check Pods Manifest.lock */ = {
			isa = PBXShellScriptBuildPhase;
			buildActionMask = 2147483647;
			files = (
			);
			inputFileListPaths = (
			);
			inputPaths = (
				"${PODS_PODFILE_DIR_PATH}/Podfile.lock",
				"${PODS_ROOT}/Manifest.lock",
			);
			name = "[CP] Check Pods Manifest.lock";
			outputFileListPaths = (
			);
			outputPaths = (
				"$(DERIVED_FILE_DIR)/Pods-SportApplication-checkManifestLockResult.txt",
			);
			runOnlyForDeploymentPostprocessing = 0;
			shellPath = /bin/sh;
			shellScript = "diff \"${PODS_PODFILE_DIR_PATH}/Podfile.lock\" \"${PODS_ROOT}/Manifest.lock\" > /dev/null\nif [ $? != 0 ] ; then\n    # print error to STDERR\n    echo \"error: The sandbox is not in sync with the Podfile.lock. Run 'pod install' or update your CocoaPods installation.\" >&2\n    exit 1\nfi\n# This output is used by Xcode 'outputs' to avoid re-running this script phase.\necho \"SUCCESS\" > \"${SCRIPT_OUTPUT_FILE_0}\"\n";
			showEnvVarsInLog = 0;
		};
		2A2E7DDCBDC238150A89153F /* [CP] Check Pods Manifest.lock */ = {
			isa = PBXShellScriptBuildPhase;
			buildActionMask = 2147483647;
			files = (
			);
			inputFileListPaths = (
			);
			inputPaths = (
				"${PODS_PODFILE_DIR_PATH}/Podfile.lock",
				"${PODS_ROOT}/Manifest.lock",
			);
			name = "[CP] Check Pods Manifest.lock";
			outputFileListPaths = (
			);
			outputPaths = (
				"$(DERIVED_FILE_DIR)/Pods-SportApplication-SportApplicationUITests-checkManifestLockResult.txt",
			);
			runOnlyForDeploymentPostprocessing = 0;
			shellPath = /bin/sh;
			shellScript = "diff \"${PODS_PODFILE_DIR_PATH}/Podfile.lock\" \"${PODS_ROOT}/Manifest.lock\" > /dev/null\nif [ $? != 0 ] ; then\n    # print error to STDERR\n    echo \"error: The sandbox is not in sync with the Podfile.lock. Run 'pod install' or update your CocoaPods installation.\" >&2\n    exit 1\nfi\n# This output is used by Xcode 'outputs' to avoid re-running this script phase.\necho \"SUCCESS\" > \"${SCRIPT_OUTPUT_FILE_0}\"\n";
			showEnvVarsInLog = 0;
		};
		3A53CA134C44E90EEBADA275 /* [CP] Embed Pods Frameworks */ = {
			isa = PBXShellScriptBuildPhase;
			buildActionMask = 2147483647;
			files = (
			);
			inputFileListPaths = (
				"${PODS_ROOT}/Target Support Files/Pods-SportApplication-SportApplicationUITests/Pods-SportApplication-SportApplicationUITests-frameworks-${CONFIGURATION}-input-files.xcfilelist",
			);
			name = "[CP] Embed Pods Frameworks";
			outputFileListPaths = (
				"${PODS_ROOT}/Target Support Files/Pods-SportApplication-SportApplicationUITests/Pods-SportApplication-SportApplicationUITests-frameworks-${CONFIGURATION}-output-files.xcfilelist",
			);
			runOnlyForDeploymentPostprocessing = 0;
			shellPath = /bin/sh;
			shellScript = "\"${PODS_ROOT}/Target Support Files/Pods-SportApplication-SportApplicationUITests/Pods-SportApplication-SportApplicationUITests-frameworks.sh\"\n";
			showEnvVarsInLog = 0;
		};
		D5A93374058788BC66518386 /* [CP] Embed Pods Frameworks */ = {
			isa = PBXShellScriptBuildPhase;
			buildActionMask = 2147483647;
			files = (
			);
			inputFileListPaths = (
				"${PODS_ROOT}/Target Support Files/Pods-SportApplication/Pods-SportApplication-frameworks-${CONFIGURATION}-input-files.xcfilelist",
			);
			name = "[CP] Embed Pods Frameworks";
			outputFileListPaths = (
				"${PODS_ROOT}/Target Support Files/Pods-SportApplication/Pods-SportApplication-frameworks-${CONFIGURATION}-output-files.xcfilelist",
			);
			runOnlyForDeploymentPostprocessing = 0;
			shellPath = /bin/sh;
			shellScript = "\"${PODS_ROOT}/Target Support Files/Pods-SportApplication/Pods-SportApplication-frameworks.sh\"\n";
			showEnvVarsInLog = 0;
		};
		F090E4869A6515B44AEA2661 /* [CP] Check Pods Manifest.lock */ = {
			isa = PBXShellScriptBuildPhase;
			buildActionMask = 2147483647;
			files = (
			);
			inputFileListPaths = (
			);
			inputPaths = (
				"${PODS_PODFILE_DIR_PATH}/Podfile.lock",
				"${PODS_ROOT}/Manifest.lock",
			);
			name = "[CP] Check Pods Manifest.lock";
			outputFileListPaths = (
			);
			outputPaths = (
				"$(DERIVED_FILE_DIR)/Pods-SportApplicationTests-checkManifestLockResult.txt",
			);
			runOnlyForDeploymentPostprocessing = 0;
			shellPath = /bin/sh;
			shellScript = "diff \"${PODS_PODFILE_DIR_PATH}/Podfile.lock\" \"${PODS_ROOT}/Manifest.lock\" > /dev/null\nif [ $? != 0 ] ; then\n    # print error to STDERR\n    echo \"error: The sandbox is not in sync with the Podfile.lock. Run 'pod install' or update your CocoaPods installation.\" >&2\n    exit 1\nfi\n# This output is used by Xcode 'outputs' to avoid re-running this script phase.\necho \"SUCCESS\" > \"${SCRIPT_OUTPUT_FILE_0}\"\n";
			showEnvVarsInLog = 0;
		};
/* End PBXShellScriptBuildPhase section */

/* Begin PBXSourcesBuildPhase section */
		25DFB864282BEC5D00BE87A6 /* Sources */ = {
			isa = PBXSourcesBuildPhase;
			buildActionMask = 2147483647;
			files = (
				25DFB870282BEC5D00BE87A6 /* ViewController.swift in Sources */,
				25DFB876282BEC5D00BE87A6 /* SportApplication.xcdatamodeld in Sources */,
				25DFB86C282BEC5D00BE87A6 /* AppDelegate.swift in Sources */,
				BCEA225A282D8E70007DC3DB /* HomeViewController.swift in Sources */,
				25FF82A8282EBAA4006EEDEA /* LeaguesViewController.swift in Sources */,
				25F03E45282DB76600EED044 /* LeaguesModel.swift in Sources */,
				25FF82A0282EA38A006EEDEA /* LeaguesTableViewCell.swift in Sources */,
				25DFB86E282BEC5D00BE87A6 /* SceneDelegate.swift in Sources */,
				25FF829C282E76D3006EEDEA /* LeaguesResult.swift in Sources */,
				25F03E42282DB71F00EED044 /* LeaguesNetworkManager.swift in Sources */,
				BCEA225D282D8EEB007DC3DB /* HomeCollectionViewCell.swift in Sources */,
				25FF82A6282EB8DA006EEDEA /* LeaguesPresenter.swift in Sources */,
			);
			runOnlyForDeploymentPostprocessing = 0;
		};
		25DFB87D282BEC6C00BE87A6 /* Sources */ = {
			isa = PBXSourcesBuildPhase;
			buildActionMask = 2147483647;
			files = (
				25DFB886282BEC6C00BE87A6 /* SportApplicationTests.swift in Sources */,
			);
			runOnlyForDeploymentPostprocessing = 0;
		};
		25DFB888282BEC6D00BE87A6 /* Sources */ = {
			isa = PBXSourcesBuildPhase;
			buildActionMask = 2147483647;
			files = (
				25DFB891282BEC6D00BE87A6 /* SportApplicationUITests.swift in Sources */,
			);
			runOnlyForDeploymentPostprocessing = 0;
		};
/* End PBXSourcesBuildPhase section */

/* Begin PBXTargetDependency section */
		25DFB883282BEC6C00BE87A6 /* PBXTargetDependency */ = {
			isa = PBXTargetDependency;
			target = 25DFB867282BEC5D00BE87A6 /* SportApplication */;
			targetProxy = 25DFB882282BEC6C00BE87A6 /* PBXContainerItemProxy */;
		};
		25DFB88E282BEC6D00BE87A6 /* PBXTargetDependency */ = {
			isa = PBXTargetDependency;
			target = 25DFB867282BEC5D00BE87A6 /* SportApplication */;
			targetProxy = 25DFB88D282BEC6D00BE87A6 /* PBXContainerItemProxy */;
		};
/* End PBXTargetDependency section */

/* Begin PBXVariantGroup section */
		25DFB871282BEC5D00BE87A6 /* Main.storyboard */ = {
			isa = PBXVariantGroup;
			children = (
				25DFB872282BEC5D00BE87A6 /* Base */,
			);
			name = Main.storyboard;
			sourceTree = "<group>";
		};
		25DFB879282BEC6C00BE87A6 /* LaunchScreen.storyboard */ = {
			isa = PBXVariantGroup;
			children = (
				25DFB87A282BEC6C00BE87A6 /* Base */,
			);
			name = LaunchScreen.storyboard;
			sourceTree = "<group>";
		};
/* End PBXVariantGroup section */

/* Begin XCBuildConfiguration section */
		25DFB893282BEC6D00BE87A6 /* Debug */ = {
			isa = XCBuildConfiguration;
			buildSettings = {
				ALWAYS_SEARCH_USER_PATHS = NO;
				CLANG_ANALYZER_NONNULL = YES;
				CLANG_ANALYZER_NUMBER_OBJECT_CONVERSION = YES_AGGRESSIVE;
				CLANG_CXX_LANGUAGE_STANDARD = "gnu++14";
				CLANG_CXX_LIBRARY = "libc++";
				CLANG_ENABLE_MODULES = YES;
				CLANG_ENABLE_OBJC_ARC = YES;
				CLANG_ENABLE_OBJC_WEAK = YES;
				CLANG_WARN_BLOCK_CAPTURE_AUTORELEASING = YES;
				CLANG_WARN_BOOL_CONVERSION = YES;
				CLANG_WARN_COMMA = YES;
				CLANG_WARN_CONSTANT_CONVERSION = YES;
				CLANG_WARN_DEPRECATED_OBJC_IMPLEMENTATIONS = YES;
				CLANG_WARN_DIRECT_OBJC_ISA_USAGE = YES_ERROR;
				CLANG_WARN_DOCUMENTATION_COMMENTS = YES;
				CLANG_WARN_EMPTY_BODY = YES;
				CLANG_WARN_ENUM_CONVERSION = YES;
				CLANG_WARN_INFINITE_RECURSION = YES;
				CLANG_WARN_INT_CONVERSION = YES;
				CLANG_WARN_NON_LITERAL_NULL_CONVERSION = YES;
				CLANG_WARN_OBJC_IMPLICIT_RETAIN_SELF = YES;
				CLANG_WARN_OBJC_LITERAL_CONVERSION = YES;
				CLANG_WARN_OBJC_ROOT_CLASS = YES_ERROR;
				CLANG_WARN_RANGE_LOOP_ANALYSIS = YES;
				CLANG_WARN_STRICT_PROTOTYPES = YES;
				CLANG_WARN_SUSPICIOUS_MOVE = YES;
				CLANG_WARN_UNGUARDED_AVAILABILITY = YES_AGGRESSIVE;
				CLANG_WARN_UNREACHABLE_CODE = YES;
				CLANG_WARN__DUPLICATE_METHOD_MATCH = YES;
				COPY_PHASE_STRIP = NO;
				DEBUG_INFORMATION_FORMAT = dwarf;
				ENABLE_STRICT_OBJC_MSGSEND = YES;
				ENABLE_TESTABILITY = YES;
				GCC_C_LANGUAGE_STANDARD = gnu11;
				GCC_DYNAMIC_NO_PIC = NO;
				GCC_NO_COMMON_BLOCKS = YES;
				GCC_OPTIMIZATION_LEVEL = 0;
				GCC_PREPROCESSOR_DEFINITIONS = (
					"DEBUG=1",
					"$(inherited)",
				);
				GCC_WARN_64_TO_32_BIT_CONVERSION = YES;
				GCC_WARN_ABOUT_RETURN_TYPE = YES_ERROR;
				GCC_WARN_UNDECLARED_SELECTOR = YES;
				GCC_WARN_UNINITIALIZED_AUTOS = YES_AGGRESSIVE;
				GCC_WARN_UNUSED_FUNCTION = YES;
				GCC_WARN_UNUSED_VARIABLE = YES;
				IPHONEOS_DEPLOYMENT_TARGET = 13.2;
				MTL_ENABLE_DEBUG_INFO = INCLUDE_SOURCE;
				MTL_FAST_MATH = YES;
				ONLY_ACTIVE_ARCH = YES;
				SDKROOT = iphoneos;
				SWIFT_ACTIVE_COMPILATION_CONDITIONS = DEBUG;
				SWIFT_OPTIMIZATION_LEVEL = "-Onone";
			};
			name = Debug;
		};
		25DFB894282BEC6D00BE87A6 /* Release */ = {
			isa = XCBuildConfiguration;
			buildSettings = {
				ALWAYS_SEARCH_USER_PATHS = NO;
				CLANG_ANALYZER_NONNULL = YES;
				CLANG_ANALYZER_NUMBER_OBJECT_CONVERSION = YES_AGGRESSIVE;
				CLANG_CXX_LANGUAGE_STANDARD = "gnu++14";
				CLANG_CXX_LIBRARY = "libc++";
				CLANG_ENABLE_MODULES = YES;
				CLANG_ENABLE_OBJC_ARC = YES;
				CLANG_ENABLE_OBJC_WEAK = YES;
				CLANG_WARN_BLOCK_CAPTURE_AUTORELEASING = YES;
				CLANG_WARN_BOOL_CONVERSION = YES;
				CLANG_WARN_COMMA = YES;
				CLANG_WARN_CONSTANT_CONVERSION = YES;
				CLANG_WARN_DEPRECATED_OBJC_IMPLEMENTATIONS = YES;
				CLANG_WARN_DIRECT_OBJC_ISA_USAGE = YES_ERROR;
				CLANG_WARN_DOCUMENTATION_COMMENTS = YES;
				CLANG_WARN_EMPTY_BODY = YES;
				CLANG_WARN_ENUM_CONVERSION = YES;
				CLANG_WARN_INFINITE_RECURSION = YES;
				CLANG_WARN_INT_CONVERSION = YES;
				CLANG_WARN_NON_LITERAL_NULL_CONVERSION = YES;
				CLANG_WARN_OBJC_IMPLICIT_RETAIN_SELF = YES;
				CLANG_WARN_OBJC_LITERAL_CONVERSION = YES;
				CLANG_WARN_OBJC_ROOT_CLASS = YES_ERROR;
				CLANG_WARN_RANGE_LOOP_ANALYSIS = YES;
				CLANG_WARN_STRICT_PROTOTYPES = YES;
				CLANG_WARN_SUSPICIOUS_MOVE = YES;
				CLANG_WARN_UNGUARDED_AVAILABILITY = YES_AGGRESSIVE;
				CLANG_WARN_UNREACHABLE_CODE = YES;
				CLANG_WARN__DUPLICATE_METHOD_MATCH = YES;
				COPY_PHASE_STRIP = NO;
				DEBUG_INFORMATION_FORMAT = "dwarf-with-dsym";
				ENABLE_NS_ASSERTIONS = NO;
				ENABLE_STRICT_OBJC_MSGSEND = YES;
				GCC_C_LANGUAGE_STANDARD = gnu11;
				GCC_NO_COMMON_BLOCKS = YES;
				GCC_WARN_64_TO_32_BIT_CONVERSION = YES;
				GCC_WARN_ABOUT_RETURN_TYPE = YES_ERROR;
				GCC_WARN_UNDECLARED_SELECTOR = YES;
				GCC_WARN_UNINITIALIZED_AUTOS = YES_AGGRESSIVE;
				GCC_WARN_UNUSED_FUNCTION = YES;
				GCC_WARN_UNUSED_VARIABLE = YES;
				IPHONEOS_DEPLOYMENT_TARGET = 13.2;
				MTL_ENABLE_DEBUG_INFO = NO;
				MTL_FAST_MATH = YES;
				SDKROOT = iphoneos;
				SWIFT_COMPILATION_MODE = wholemodule;
				SWIFT_OPTIMIZATION_LEVEL = "-O";
				VALIDATE_PRODUCT = YES;
			};
			name = Release;
		};
		25DFB896282BEC6D00BE87A6 /* Debug */ = {
			isa = XCBuildConfiguration;
			baseConfigurationReference = 63D37F7AF26CCD1368364B3F /* Pods-SportApplication.debug.xcconfig */;
			buildSettings = {
				ASSETCATALOG_COMPILER_APPICON_NAME = AppIcon;
				CODE_SIGN_STYLE = Automatic;
				INFOPLIST_FILE = SportApplication/Info.plist;
				LD_RUNPATH_SEARCH_PATHS = (
					"$(inherited)",
					"@executable_path/Frameworks",
				);
				PRODUCT_BUNDLE_IDENTIFIER = ITI.SportApplication;
				PRODUCT_NAME = "$(TARGET_NAME)";
				SWIFT_VERSION = 5.0;
				TARGETED_DEVICE_FAMILY = "1,2";
			};
			name = Debug;
		};
		25DFB897282BEC6D00BE87A6 /* Release */ = {
			isa = XCBuildConfiguration;
			baseConfigurationReference = D33DD23AEB3BDDC4A13A2BBF /* Pods-SportApplication.release.xcconfig */;
			buildSettings = {
				ASSETCATALOG_COMPILER_APPICON_NAME = AppIcon;
				CODE_SIGN_STYLE = Automatic;
				INFOPLIST_FILE = SportApplication/Info.plist;
				LD_RUNPATH_SEARCH_PATHS = (
					"$(inherited)",
					"@executable_path/Frameworks",
				);
				PRODUCT_BUNDLE_IDENTIFIER = ITI.SportApplication;
				PRODUCT_NAME = "$(TARGET_NAME)";
				SWIFT_VERSION = 5.0;
				TARGETED_DEVICE_FAMILY = "1,2";
			};
			name = Release;
		};
		25DFB899282BEC6D00BE87A6 /* Debug */ = {
			isa = XCBuildConfiguration;
			baseConfigurationReference = 51B7A01FCF384659BAF8D3D5 /* Pods-SportApplicationTests.debug.xcconfig */;
			buildSettings = {
				ALWAYS_EMBED_SWIFT_STANDARD_LIBRARIES = YES;
				BUNDLE_LOADER = "$(TEST_HOST)";
				CODE_SIGN_STYLE = Automatic;
				INFOPLIST_FILE = SportApplicationTests/Info.plist;
				IPHONEOS_DEPLOYMENT_TARGET = 13.2;
				LD_RUNPATH_SEARCH_PATHS = (
					"$(inherited)",
					"@executable_path/Frameworks",
					"@loader_path/Frameworks",
				);
				PRODUCT_BUNDLE_IDENTIFIER = ITI.SportApplicationTests;
				PRODUCT_NAME = "$(TARGET_NAME)";
				SWIFT_VERSION = 5.0;
				TARGETED_DEVICE_FAMILY = "1,2";
				TEST_HOST = "$(BUILT_PRODUCTS_DIR)/SportApplication.app/SportApplication";
			};
			name = Debug;
		};
		25DFB89A282BEC6D00BE87A6 /* Release */ = {
			isa = XCBuildConfiguration;
			baseConfigurationReference = 4C219D53343398BC03153E96 /* Pods-SportApplicationTests.release.xcconfig */;
			buildSettings = {
				ALWAYS_EMBED_SWIFT_STANDARD_LIBRARIES = YES;
				BUNDLE_LOADER = "$(TEST_HOST)";
				CODE_SIGN_STYLE = Automatic;
				INFOPLIST_FILE = SportApplicationTests/Info.plist;
				IPHONEOS_DEPLOYMENT_TARGET = 13.2;
				LD_RUNPATH_SEARCH_PATHS = (
					"$(inherited)",
					"@executable_path/Frameworks",
					"@loader_path/Frameworks",
				);
				PRODUCT_BUNDLE_IDENTIFIER = ITI.SportApplicationTests;
				PRODUCT_NAME = "$(TARGET_NAME)";
				SWIFT_VERSION = 5.0;
				TARGETED_DEVICE_FAMILY = "1,2";
				TEST_HOST = "$(BUILT_PRODUCTS_DIR)/SportApplication.app/SportApplication";
			};
			name = Release;
		};
		25DFB89C282BEC6D00BE87A6 /* Debug */ = {
			isa = XCBuildConfiguration;
			baseConfigurationReference = 5AB19758AFC957D7248BDB59 /* Pods-SportApplication-SportApplicationUITests.debug.xcconfig */;
			buildSettings = {
				ALWAYS_EMBED_SWIFT_STANDARD_LIBRARIES = YES;
				CODE_SIGN_STYLE = Automatic;
				INFOPLIST_FILE = SportApplicationUITests/Info.plist;
				LD_RUNPATH_SEARCH_PATHS = (
					"$(inherited)",
					"@executable_path/Frameworks",
					"@loader_path/Frameworks",
				);
				PRODUCT_BUNDLE_IDENTIFIER = ITI.SportApplicationUITests;
				PRODUCT_NAME = "$(TARGET_NAME)";
				SWIFT_VERSION = 5.0;
				TARGETED_DEVICE_FAMILY = "1,2";
				TEST_TARGET_NAME = SportApplication;
			};
			name = Debug;
		};
		25DFB89D282BEC6D00BE87A6 /* Release */ = {
			isa = XCBuildConfiguration;
			baseConfigurationReference = 90DC6E42C075830E54D923AE /* Pods-SportApplication-SportApplicationUITests.release.xcconfig */;
			buildSettings = {
				ALWAYS_EMBED_SWIFT_STANDARD_LIBRARIES = YES;
				CODE_SIGN_STYLE = Automatic;
				INFOPLIST_FILE = SportApplicationUITests/Info.plist;
				LD_RUNPATH_SEARCH_PATHS = (
					"$(inherited)",
					"@executable_path/Frameworks",
					"@loader_path/Frameworks",
				);
				PRODUCT_BUNDLE_IDENTIFIER = ITI.SportApplicationUITests;
				PRODUCT_NAME = "$(TARGET_NAME)";
				SWIFT_VERSION = 5.0;
				TARGETED_DEVICE_FAMILY = "1,2";
				TEST_TARGET_NAME = SportApplication;
			};
			name = Release;
		};
/* End XCBuildConfiguration section */

/* Begin XCConfigurationList section */
		25DFB863282BEC5D00BE87A6 /* Build configuration list for PBXProject "SportApplication" */ = {
			isa = XCConfigurationList;
			buildConfigurations = (
				25DFB893282BEC6D00BE87A6 /* Debug */,
				25DFB894282BEC6D00BE87A6 /* Release */,
			);
			defaultConfigurationIsVisible = 0;
			defaultConfigurationName = Release;
		};
		25DFB895282BEC6D00BE87A6 /* Build configuration list for PBXNativeTarget "SportApplication" */ = {
			isa = XCConfigurationList;
			buildConfigurations = (
				25DFB896282BEC6D00BE87A6 /* Debug */,
				25DFB897282BEC6D00BE87A6 /* Release */,
			);
			defaultConfigurationIsVisible = 0;
			defaultConfigurationName = Release;
		};
		25DFB898282BEC6D00BE87A6 /* Build configuration list for PBXNativeTarget "SportApplicationTests" */ = {
			isa = XCConfigurationList;
			buildConfigurations = (
				25DFB899282BEC6D00BE87A6 /* Debug */,
				25DFB89A282BEC6D00BE87A6 /* Release */,
			);
			defaultConfigurationIsVisible = 0;
			defaultConfigurationName = Release;
		};
		25DFB89B282BEC6D00BE87A6 /* Build configuration list for PBXNativeTarget "SportApplicationUITests" */ = {
			isa = XCConfigurationList;
			buildConfigurations = (
				25DFB89C282BEC6D00BE87A6 /* Debug */,
				25DFB89D282BEC6D00BE87A6 /* Release */,
			);
			defaultConfigurationIsVisible = 0;
			defaultConfigurationName = Release;
		};
/* End XCConfigurationList section */

/* Begin XCVersionGroup section */
		25DFB874282BEC5D00BE87A6 /* SportApplication.xcdatamodeld */ = {
			isa = XCVersionGroup;
			children = (
				25DFB875282BEC5D00BE87A6 /* SportApplication.xcdatamodel */,
			);
			currentVersion = 25DFB875282BEC5D00BE87A6 /* SportApplication.xcdatamodel */;
			path = SportApplication.xcdatamodeld;
			sourceTree = "<group>";
			versionGroupType = wrapper.xcdatamodel;
		};
/* End XCVersionGroup section */
	};
	rootObject = 25DFB860282BEC5D00BE87A6 /* Project object */;
}
